
Microsoft Visual Studio Solution File, Format Version 12.00
# Visual Studio Version 17
VisualStudioVersion = 17.5.002.0
MinimumVisualStudioVersion = 10.0.40219.1
Project("{9A19103F-16F7-4668-BE54-9A1E7A4F7556}") = "projectef", "projectef\projectef.csproj", "{BB58C24E-FFCC-4390-8841-BB83FF04A174}"
EndProject
Global
	GlobalSection(SolutionConfigurationPlatforms) = preSolution
		Debug|Any CPU = Debug|Any CPU
		Release|Any CPU = Release|Any CPU
	EndGlobalSection
	GlobalSection(ProjectConfigurationPlatforms) = postSolution
		{BB58C24E-FFCC-4390-8841-BB83FF04A174}.Debug|Any CPU.ActiveCfg = Debug|Any CPU
		{BB58C24E-FFCC-4390-8841-BB83FF04A174}.Debug|Any CPU.Build.0 = Debug|Any CPU
		{BB58C24E-FFCC-4390-8841-BB83FF04A174}.Release|Any CPU.ActiveCfg = Release|Any CPU
		{BB58C24E-FFCC-4390-8841-BB83FF04A174}.Release|Any CPU.Build.0 = Release|Any CPU
	EndGlobalSection
	GlobalSection(SolutionProperties) = preSolution
		HideSolutionNode = FALSE
	EndGlobalSection
	GlobalSection(ExtensibilityGlobals) = postSolution
		SolutionGuid = {A00C2A1F-C3B0-4FF3-888A-CB0957A87910}
	EndGlobalSection
EndGlobal
