
Microsoft Visual Studio Solution File, Format Version 12.00
# Visual Studio Version 17
VisualStudioVersion = 17.8.34408.163
MinimumVisualStudioVersion = 10.0.40219.1
Project("{FAE04EC0-301F-11D3-BF4B-00C04F79EFBC}") = "SuperHeroesApp", "SuperHeroesApp\SuperHeroesApp.csproj", "{3D4A267D-936C-4E67-9E92-21B0C44660E6}"
EndProject
Global
	GlobalSection(SolutionConfigurationPlatforms) = preSolution
		Debug|Any CPU = Debug|Any CPU
		Release|Any CPU = Release|Any CPU
	EndGlobalSection
	GlobalSection(ProjectConfigurationPlatforms) = postSolution
		{3D4A267D-936C-4E67-9E92-21B0C44660E6}.Debug|Any CPU.ActiveCfg = Debug|Any CPU
		{3D4A267D-936C-4E67-9E92-21B0C44660E6}.Debug|Any CPU.Build.0 = Debug|Any CPU
		{3D4A267D-936C-4E67-9E92-21B0C44660E6}.Release|Any CPU.ActiveCfg = Release|Any CPU
		{3D4A267D-936C-4E67-9E92-21B0C44660E6}.Release|Any CPU.Build.0 = Release|Any CPU
	EndGlobalSection
	GlobalSection(SolutionProperties) = preSolution
		HideSolutionNode = FALSE
	EndGlobalSection
	GlobalSection(ExtensibilityGlobals) = postSolution
		SolutionGuid = {96A50917-54CB-4635-BEFC-0456FC6583BA}
	EndGlobalSection
EndGlobal
