
Microsoft Visual Studio Solution File, Format Version 12.00
# Visual Studio Version 17
VisualStudioVersion = 17.5.002.0
MinimumVisualStudioVersion = 10.0.40219.1
Project("{9A19103F-16F7-4668-BE54-9A1E7A4F7556}") = "proyecto", "proyecto.csproj", "{F860CF20-C8D0-48F1-9A5C-1D624381B8AF}"
EndProject
Global
	GlobalSection(SolutionConfigurationPlatforms) = preSolution
		Debug|Any CPU = Debug|Any CPU
		Release|Any CPU = Release|Any CPU
	EndGlobalSection
	GlobalSection(ProjectConfigurationPlatforms) = postSolution
		{F860CF20-C8D0-48F1-9A5C-1D624381B8AF}.Debug|Any CPU.ActiveCfg = Debug|Any CPU
		{F860CF20-C8D0-48F1-9A5C-1D624381B8AF}.Debug|Any CPU.Build.0 = Debug|Any CPU
		{F860CF20-C8D0-48F1-9A5C-1D624381B8AF}.Release|Any CPU.ActiveCfg = Release|Any CPU
		{F860CF20-C8D0-48F1-9A5C-1D624381B8AF}.Release|Any CPU.Build.0 = Release|Any CPU
	EndGlobalSection
	GlobalSection(SolutionProperties) = preSolution
		HideSolutionNode = FALSE
	EndGlobalSection
	GlobalSection(ExtensibilityGlobals) = postSolution
		SolutionGuid = {C1242475-F52D-4CDA-9D11-48611F1A8132}
	EndGlobalSection
EndGlobal
